<?xml version="1.0" encoding="utf-8"?>
<Project ToolsVersion="4.0" xmlns="http://schemas.microsoft.com/developer/msbuild/2003">
  <ItemGroup>
    <ClCompile Include="IPlugin.ixx">
      <Filter>textPlugins</Filter>
    </ClCompile>
    <ClCompile Include="EpubTranslator.ixx">
      <Filter>filePlugins</Filter>
    </ClCompile>
    <ClCompile Include="TextLinebreakFix.ixx">
      <Filter>textPlugins</Filter>
    </ClCompile>
    <ClCompile Include="TextPostFull2Half.ixx">
      <Filter>textPlugins</Filter>
    </ClCompile>
    <ClCompile Include="NormalJsonTranslator.ixx">
      <Filter>filePlugins</Filter>
    </ClCompile>
    <ClCompile Include="APIPool.ixx">
      <Filter>Tools</Filter>
    </ClCompile>
    <ClCompile Include="Dictionary.ixx">
      <Filter>Tools</Filter>
    </ClCompile>
    <ClCompile Include="DictionaryGenerator.ixx">
      <Filter>Tools</Filter>
    </ClCompile>
    <ClCompile Include="ProblemAnalyzer.ixx">
      <Filter>Tools</Filter>
    </ClCompile>
    <ClCompile Include="NJ_ImplTool.ixx">
      <Filter>Tools\Utils\specialized</Filter>
    </ClCompile>
    <ClCompile Include="GPPDefines.ixx">
      <Filter>Tools\Utils</Filter>
    </ClCompile>
    <ClCompile Include="API_Tool.ixx">
      <Filter>Tools\Utils\specialized</Filter>
    </ClCompile>
    <ClCompile Include="PDFTranslator.ixx">
      <Filter>filePlugins</Filter>
    </ClCompile>
    <ClCompile Include="PythonManager.ixx">
      <Filter>Tools</Filter>
    </ClCompile>
    <ClCompile Include="CodePageChecker.ixx">
      <Filter>Tools\Utils</Filter>
    </ClCompile>
    <ClCompile Include="SkipTrans.ixx">
      <Filter>textPlugins</Filter>
    </ClCompile>
    <ClCompile Include="LuaManager.ixx">
      <Filter>Tools</Filter>
    </ClCompile>
    <ClCompile Include="ConditionTool.ixx">
      <Filter>Tools\Utils</Filter>
    </ClCompile>
    <ClCompile Include="PythonManager.cpp">
      <Filter>Tools</Filter>
    </ClCompile>
    <ClCompile Include="LuaManager.cpp">
      <Filter>Tools</Filter>
    </ClCompile>
    <ClCompile Include="LuaTranslator.ixx">
      <Filter>filePlugins</Filter>
    </ClCompile>
    <ClCompile Include="PythonTranslator.ixx">
      <Filter>filePlugins</Filter>
    </ClCompile>
    <ClCompile Include="NLPTool.ixx">
      <Filter>Tools\Utils</Filter>
    </ClCompile>
    <ClCompile Include="PDFTool.ixx">
      <Filter>Tools\Utils\specialized</Filter>
    </ClCompile>
    <ClCompile Include="LuaTextPlugin.ixx">
      <Filter>textPlugins</Filter>
    </ClCompile>
    <ClCompile Include="IPlugin.cpp">
      <Filter>textPlugins</Filter>
    </ClCompile>
    <ClCompile Include="PythonTextPlugin.ixx">
      <Filter>textPlugins</Filter>
    </ClCompile>
    <ClCompile Include="proxy.ixx">
      <Filter>Tools\Utils</Filter>
    </ClCompile>
    <ClCompile Include="json.ixx">
      <Filter>Tools\Utils</Filter>
    </ClCompile>
    <ClCompile Include="ITranslator.ixx">
      <Filter>filePlugins</Filter>
    </ClCompile>
    <ClCompile Include="ITranslator.cpp">
      <Filter>filePlugins</Filter>
    </ClCompile>
    <ClCompile Include="NormalJsonTranslator.cpp">
      <Filter>filePlugins</Filter>
    </ClCompile>
    <ClCompile Include="Tool.cpp">
      <Filter>Tools\Utils</Filter>
    </ClCompile>
    <ClCompile Include="NameTranslator.ixx">
      <Filter>Tools</Filter>
    </ClCompile>
    <ClCompile Include="Tool.ixx">
      <Filter>Tools\Utils</Filter>
    </ClCompile>
    <ClCompile Include="GPPDefines.cpp">
      <Filter>Tools\Utils</Filter>
    </ClCompile>
  </ItemGroup>
  <ItemGroup>
    <Filter Include="filePlugins">
      <UniqueIdentifier>{92ad8b24-7cf7-47e1-998d-a8327dbbc3cb}</UniqueIdentifier>
    </Filter>
    <Filter Include="textPlugins">
      <UniqueIdentifier>{37fcb97f-7dfc-4f79-a33f-66e8e440d1d9}</UniqueIdentifier>
    </Filter>
    <Filter Include="Tools">
      <UniqueIdentifier>{be76689c-5c70-4419-87f1-e4fa81fa2b9d}</UniqueIdentifier>
    </Filter>
    <Filter Include="Tools\Utils">
      <UniqueIdentifier>{a59529ed-a8a2-4ef2-810b-aeeefe790343}</UniqueIdentifier>
    </Filter>
    <Filter Include="Tools\Utils\specialized">
      <UniqueIdentifier>{cb1a4c6b-be5d-4d19-bbc5-3de2ec63f522}</UniqueIdentifier>
    </Filter>
  </ItemGroup>
  <ItemGroup>
    <ClInclude Include="GPPMacros.hpp">
      <Filter>Tools\Utils</Filter>
    </ClInclude>
  </ItemGroup>
</Project>